
Microsoft Visual Studio Solution File, Format Version 12.00
# Visual Studio Version 17
VisualStudioVersion = 17.0.31912.275
MinimumVisualStudioVersion = 10.0.40219.1
Project("{FAE04EC0-301F-11D3-BF4B-00C04F79EFBC}") = "JogoRPG-Console", "JogoRPG-Console\JogoRPG-Console.csproj", "{26A5B068-3C18-4898-B666-785731E5C2D5}"
EndProject
Global
	GlobalSection(SolutionConfigurationPlatforms) = preSolution
		Debug|Any CPU = Debug|Any CPU
		Release|Any CPU = Release|Any CPU
	EndGlobalSection
	GlobalSection(ProjectConfigurationPlatforms) = postSolution
		{26A5B068-3C18-4898-B666-785731E5C2D5}.Debug|Any CPU.ActiveCfg = Debug|Any CPU
		{26A5B068-3C18-4898-B666-785731E5C2D5}.Debug|Any CPU.Build.0 = Debug|Any CPU
		{26A5B068-3C18-4898-B666-785731E5C2D5}.Release|Any CPU.ActiveCfg = Release|Any CPU
		{26A5B068-3C18-4898-B666-785731E5C2D5}.Release|Any CPU.Build.0 = Release|Any CPU
	EndGlobalSection
	GlobalSection(SolutionProperties) = preSolution
		HideSolutionNode = FALSE
	EndGlobalSection
	GlobalSection(ExtensibilityGlobals) = postSolution
		SolutionGuid = {52C41F7A-DC43-4DD2-9EB8-49A0AAEFD45B}
	EndGlobalSection
EndGlobal
